
Microsoft Visual Studio Solution File, Format Version 12.00
# Visual Studio Version 16
VisualStudioVersion = 16.0.29326.143
MinimumVisualStudioVersion = 10.0.40219.1
Project("{FAE04EC0-301F-11D3-BF4B-00C04F79EFBC}") = "MvcMovie", "MvcMovie\MvcMovie.csproj", "{222AF160-E5D5-419C-A31C-A5FAD9F144EF}"
EndProject
Global
	GlobalSection(SolutionConfigurationPlatforms) = preSolution
		Debug|Any CPU = Debug|Any CPU
		Release|Any CPU = Release|Any CPU
	EndGlobalSection
	GlobalSection(ProjectConfigurationPlatforms) = postSolution
		{222AF160-E5D5-419C-A31C-A5FAD9F144EF}.Debug|Any CPU.ActiveCfg = Debug|Any CPU
		{222AF160-E5D5-419C-A31C-A5FAD9F144EF}.Debug|Any CPU.Build.0 = Debug|Any CPU
		{222AF160-E5D5-419C-A31C-A5FAD9F144EF}.Release|Any CPU.ActiveCfg = Release|Any CPU
		{222AF160-E5D5-419C-A31C-A5FAD9F144EF}.Release|Any CPU.Build.0 = Release|Any CPU
	EndGlobalSection
	GlobalSection(SolutionProperties) = preSolution
		HideSolutionNode = FALSE
	EndGlobalSection
	GlobalSection(ExtensibilityGlobals) = postSolution
		SolutionGuid = {5AFE16CA-835B-4BF9-BD91-ABAD63E4549E}
	EndGlobalSection
EndGlobal
